
Microsoft Visual Studio Solution File, Format Version 12.00
# Visual Studio 15
VisualStudioVersion = 15.0.27703.2018
MinimumVisualStudioVersion = 10.0.40219.1
Project("{FAE04EC0-301F-11D3-BF4B-00C04F79EFBC}") = "StructNotebook", "StructNotebook\StructNotebook.csproj", "{FB5BBAA1-73E1-4326-A54D-8BD34D69836A}"
EndProject
Project("{FAE04EC0-301F-11D3-BF4B-00C04F79EFBC}") = "StructNotebookAfterCheck", "StructNotebookAfterCheck\StructNotebookAfterCheck.csproj", "{47849081-EEA0-47AE-AE8B-C1618293DA66}"
EndProject
Project("{FAE04EC0-301F-11D3-BF4B-00C04F79EFBC}") = "Trains", "Trains\Trains.csproj", "{03023516-521B-44CE-8092-5404FD0B252D}"
EndProject
Project("{FAE04EC0-301F-11D3-BF4B-00C04F79EFBC}") = "Taker", "Tracker\Taker.csproj", "{0E4EE9DB-E72C-4EDA-870B-B74A4134BC2D}"
EndProject
Global
	GlobalSection(SolutionConfigurationPlatforms) = preSolution
		Debug|Any CPU = Debug|Any CPU
		Release|Any CPU = Release|Any CPU
	EndGlobalSection
	GlobalSection(ProjectConfigurationPlatforms) = postSolution
		{FB5BBAA1-73E1-4326-A54D-8BD34D69836A}.Debug|Any CPU.ActiveCfg = Debug|Any CPU
		{FB5BBAA1-73E1-4326-A54D-8BD34D69836A}.Debug|Any CPU.Build.0 = Debug|Any CPU
		{FB5BBAA1-73E1-4326-A54D-8BD34D69836A}.Release|Any CPU.ActiveCfg = Release|Any CPU
		{FB5BBAA1-73E1-4326-A54D-8BD34D69836A}.Release|Any CPU.Build.0 = Release|Any CPU
		{47849081-EEA0-47AE-AE8B-C1618293DA66}.Debug|Any CPU.ActiveCfg = Debug|Any CPU
		{47849081-EEA0-47AE-AE8B-C1618293DA66}.Debug|Any CPU.Build.0 = Debug|Any CPU
		{47849081-EEA0-47AE-AE8B-C1618293DA66}.Release|Any CPU.ActiveCfg = Release|Any CPU
		{47849081-EEA0-47AE-AE8B-C1618293DA66}.Release|Any CPU.Build.0 = Release|Any CPU
		{03023516-521B-44CE-8092-5404FD0B252D}.Debug|Any CPU.ActiveCfg = Debug|Any CPU
		{03023516-521B-44CE-8092-5404FD0B252D}.Debug|Any CPU.Build.0 = Debug|Any CPU
		{03023516-521B-44CE-8092-5404FD0B252D}.Release|Any CPU.ActiveCfg = Release|Any CPU
		{03023516-521B-44CE-8092-5404FD0B252D}.Release|Any CPU.Build.0 = Release|Any CPU
		{0E4EE9DB-E72C-4EDA-870B-B74A4134BC2D}.Debug|Any CPU.ActiveCfg = Debug|Any CPU
		{0E4EE9DB-E72C-4EDA-870B-B74A4134BC2D}.Debug|Any CPU.Build.0 = Debug|Any CPU
		{0E4EE9DB-E72C-4EDA-870B-B74A4134BC2D}.Release|Any CPU.ActiveCfg = Release|Any CPU
		{0E4EE9DB-E72C-4EDA-870B-B74A4134BC2D}.Release|Any CPU.Build.0 = Release|Any CPU
	EndGlobalSection
	GlobalSection(SolutionProperties) = preSolution
		HideSolutionNode = FALSE
	EndGlobalSection
	GlobalSection(ExtensibilityGlobals) = postSolution
		SolutionGuid = {1E350763-6B32-48C7-8C9F-7EF3F3BEC3B2}
	EndGlobalSection
EndGlobal
